
Microsoft Visual Studio Solution File, Format Version 12.00
# Visual Studio Version 16
VisualStudioVersion = 16.0.30503.244
MinimumVisualStudioVersion = 10.0.40219.1
Project("{8BC9CEB8-8B4A-11D0-8D11-00A0C91BC942}") = "20210908어셈블리", "20210908어셈블리\20210908어셈블리.vcxproj", "{C62911D5-04D5-4743-B8C0-A8D0F5B24F5D}"
EndProject
Project("{8BC9CEB8-8B4A-11D0-8D11-00A0C91BC942}") = "20210908첫번째프로젝트", "20210908첫번째프로젝트\20210908첫번째프로젝트.vcxproj", "{3D47C3BD-CC39-4C12-82FD-EB3E3CF0C0D0}"
EndProject
Project("{8BC9CEB8-8B4A-11D0-8D11-00A0C91BC942}") = "20210915어셈블리-계속", "20210915어셈블리-계속\20210915어셈블리-계속.vcxproj", "{2F2508F6-04E4-4BE7-A5F4-C2146D689991}"
EndProject
Project("{8BC9CEB8-8B4A-11D0-8D11-00A0C91BC942}") = "20210915functioncall", "20210915functioncall\20210915functioncall.vcxproj", "{8D4E3467-A6CE-448C-8B78-A0BACA64E2FB}"
EndProject
Project("{8BC9CEB8-8B4A-11D0-8D11-00A0C91BC942}") = "20210929recursivefunction", "20210929recursivefunction\20210929recursivefunction.vcxproj", "{E6CA0816-822C-4FE6-A50E-234D3C328404}"
EndProject
Project("{8BC9CEB8-8B4A-11D0-8D11-00A0C91BC942}") = "20210929structure", "20210929structure\20210929structure.vcxproj", "{A3720504-1185-4547-B28B-CF1AFDF1DCD6}"
EndProject
Project("{8BC9CEB8-8B4A-11D0-8D11-00A0C91BC942}") = "20210929linkedlist", "20210929linkedlist\20210929linkedlist.vcxproj", "{E4209353-0BB7-4B12-B629-C84D139DDC1B}"
EndProject
Project("{8BC9CEB8-8B4A-11D0-8D11-00A0C91BC942}") = "20211006multithread", "20211006multithread\20211006multithread.vcxproj", "{FF4128DF-6195-4BCC-B4B0-B71812147D74}"
EndProject
Project("{8BC9CEB8-8B4A-11D0-8D11-00A0C91BC942}") = "20211006functionpointer", "20211006functionpointer\20211006functionpointer.vcxproj", "{1AAC5F9B-F3FB-433F-B4BA-F47150521B98}"
EndProject
Project("{8BC9CEB8-8B4A-11D0-8D11-00A0C91BC942}") = "20211027static", "20211027static\20211027static.vcxproj", "{20208FFF-97E9-4A6E-872C-216A3C3E7FBC}"
EndProject
Project("{8BC9CEB8-8B4A-11D0-8D11-00A0C91BC942}") = "20211103wait", "20211103wait\20211103wait.vcxproj", "{41C80D37-5C0F-4362-B865-64FC2C7381EE}"
EndProject
Project("{8BC9CEB8-8B4A-11D0-8D11-00A0C91BC942}") = "20211103problem", "20211103problem\20211103problem.vcxproj", "{0CA05CE9-2259-456C-BDC9-335BDEA9BF87}"
EndProject
Project("{8BC9CEB8-8B4A-11D0-8D11-00A0C91BC942}") = "20211110criticalsection", "20211110criticalsection\20211110criticalsection.vcxproj", "{500BCFCB-7075-4F38-B0E7-4233B0EFD3D5}"
EndProject
Project("{8BC9CEB8-8B4A-11D0-8D11-00A0C91BC942}") = "20211110criticalsectionobject", "20211110criticalsectionobject\20211110criticalsectionobject.vcxproj", "{D80EDC84-B557-43F2-AAF3-D44DF7D9EDC7}"
EndProject
Project("{8BC9CEB8-8B4A-11D0-8D11-00A0C91BC942}") = "20211110mutex", "20211110mutex\20211110mutex.vcxproj", "{C40C4FD9-9445-42F5-8D8A-6B1DAC91F824}"
EndProject
Project("{8BC9CEB8-8B4A-11D0-8D11-00A0C91BC942}") = "HW2", "HW2\HW2.vcxproj", "{088CBF26-9909-44BE-A04F-E24142771587}"
EndProject
Project("{8BC9CEB8-8B4A-11D0-8D11-00A0C91BC942}") = "20211117deadlock", "20211117deadlock\20211117deadlock.vcxproj", "{DED42D08-079F-4ACF-9510-64D5BA3FA9A6}"
EndProject
Project("{8BC9CEB8-8B4A-11D0-8D11-00A0C91BC942}") = "20211117sameThread", "20211117sameThread\20211117sameThread.vcxproj", "{432BD911-74E3-479D-8230-D92902E0601F}"
EndProject
Project("{8BC9CEB8-8B4A-11D0-8D11-00A0C91BC942}") = "20211117semaphore", "20211117semaphore\20211117semaphore.vcxproj", "{8B0E340D-D2EE-4068-9BD5-BDBE6759EAA3}"
EndProject
Project("{8BC9CEB8-8B4A-11D0-8D11-00A0C91BC942}") = "HW3", "HW3\HW3.vcxproj", "{A53664F4-8F04-4148-95C8-AD73D62F8DDF}"
EndProject
Project("{8BC9CEB8-8B4A-11D0-8D11-00A0C91BC942}") = "20211124iobyfile", "20211124iobyfile\20211124iobyfile.vcxproj", "{96699DB0-70BD-4393-9CCD-6506D3B5A374}"
EndProject
Project("{8BC9CEB8-8B4A-11D0-8D11-00A0C91BC942}") = "20211201functionpointer", "20211201functionpointer\20211201functionpointer.vcxproj", "{E7640A20-7796-4361-AAF5-298E28C33577}"
EndProject
Project("{8BC9CEB8-8B4A-11D0-8D11-00A0C91BC942}") = "20211201IOByEvent", "20211201IOByEvent\20211201IOByEvent.vcxproj", "{4AEFD3D9-CC6D-44C2-B587-FFAD5395C35E}"
EndProject
Project("{8BC9CEB8-8B4A-11D0-8D11-00A0C91BC942}") = "20211201IOAPC", "20211201IOAPC\20211201IOAPC.vcxproj", "{A55A6E68-016E-4BDA-9E6F-4BA8E4DB8566}"
EndProject
Global
	GlobalSection(SolutionConfigurationPlatforms) = preSolution
		Debug|x64 = Debug|x64
		Debug|x86 = Debug|x86
		Release|x64 = Release|x64
		Release|x86 = Release|x86
	EndGlobalSection
	GlobalSection(ProjectConfigurationPlatforms) = postSolution
		{C62911D5-04D5-4743-B8C0-A8D0F5B24F5D}.Debug|x64.ActiveCfg = Debug|x64
		{C62911D5-04D5-4743-B8C0-A8D0F5B24F5D}.Debug|x64.Build.0 = Debug|x64
		{C62911D5-04D5-4743-B8C0-A8D0F5B24F5D}.Debug|x86.ActiveCfg = Debug|Win32
		{C62911D5-04D5-4743-B8C0-A8D0F5B24F5D}.Debug|x86.Build.0 = Debug|Win32
		{C62911D5-04D5-4743-B8C0-A8D0F5B24F5D}.Release|x64.ActiveCfg = Release|x64
		{C62911D5-04D5-4743-B8C0-A8D0F5B24F5D}.Release|x64.Build.0 = Release|x64
		{C62911D5-04D5-4743-B8C0-A8D0F5B24F5D}.Release|x86.ActiveCfg = Release|Win32
		{C62911D5-04D5-4743-B8C0-A8D0F5B24F5D}.Release|x86.Build.0 = Release|Win32
		{3D47C3BD-CC39-4C12-82FD-EB3E3CF0C0D0}.Debug|x64.ActiveCfg = Debug|x64
		{3D47C3BD-CC39-4C12-82FD-EB3E3CF0C0D0}.Debug|x64.Build.0 = Debug|x64
		{3D47C3BD-CC39-4C12-82FD-EB3E3CF0C0D0}.Debug|x86.ActiveCfg = Debug|Win32
		{3D47C3BD-CC39-4C12-82FD-EB3E3CF0C0D0}.Debug|x86.Build.0 = Debug|Win32
		{3D47C3BD-CC39-4C12-82FD-EB3E3CF0C0D0}.Release|x64.ActiveCfg = Release|x64
		{3D47C3BD-CC39-4C12-82FD-EB3E3CF0C0D0}.Release|x64.Build.0 = Release|x64
		{3D47C3BD-CC39-4C12-82FD-EB3E3CF0C0D0}.Release|x86.ActiveCfg = Release|Win32
		{3D47C3BD-CC39-4C12-82FD-EB3E3CF0C0D0}.Release|x86.Build.0 = Release|Win32
		{2F2508F6-04E4-4BE7-A5F4-C2146D689991}.Debug|x64.ActiveCfg = Debug|x64
		{2F2508F6-04E4-4BE7-A5F4-C2146D689991}.Debug|x64.Build.0 = Debug|x64
		{2F2508F6-04E4-4BE7-A5F4-C2146D689991}.Debug|x86.ActiveCfg = Debug|Win32
		{2F2508F6-04E4-4BE7-A5F4-C2146D689991}.Debug|x86.Build.0 = Debug|Win32
		{2F2508F6-04E4-4BE7-A5F4-C2146D689991}.Release|x64.ActiveCfg = Release|x64
		{2F2508F6-04E4-4BE7-A5F4-C2146D689991}.Release|x64.Build.0 = Release|x64
		{2F2508F6-04E4-4BE7-A5F4-C2146D689991}.Release|x86.ActiveCfg = Release|Win32
		{2F2508F6-04E4-4BE7-A5F4-C2146D689991}.Release|x86.Build.0 = Release|Win32
		{8D4E3467-A6CE-448C-8B78-A0BACA64E2FB}.Debug|x64.ActiveCfg = Debug|x64
		{8D4E3467-A6CE-448C-8B78-A0BACA64E2FB}.Debug|x64.Build.0 = Debug|x64
		{8D4E3467-A6CE-448C-8B78-A0BACA64E2FB}.Debug|x86.ActiveCfg = Debug|Win32
		{8D4E3467-A6CE-448C-8B78-A0BACA64E2FB}.Debug|x86.Build.0 = Debug|Win32
		{8D4E3467-A6CE-448C-8B78-A0BACA64E2FB}.Release|x64.ActiveCfg = Release|x64
		{8D4E3467-A6CE-448C-8B78-A0BACA64E2FB}.Release|x64.Build.0 = Release|x64
		{8D4E3467-A6CE-448C-8B78-A0BACA64E2FB}.Release|x86.ActiveCfg = Release|Win32
		{8D4E3467-A6CE-448C-8B78-A0BACA64E2FB}.Release|x86.Build.0 = Release|Win32
		{E6CA0816-822C-4FE6-A50E-234D3C328404}.Debug|x64.ActiveCfg = Debug|x64
		{E6CA0816-822C-4FE6-A50E-234D3C328404}.Debug|x64.Build.0 = Debug|x64
		{E6CA0816-822C-4FE6-A50E-234D3C328404}.Debug|x86.ActiveCfg = Debug|Win32
		{E6CA0816-822C-4FE6-A50E-234D3C328404}.Debug|x86.Build.0 = Debug|Win32
		{E6CA0816-822C-4FE6-A50E-234D3C328404}.Release|x64.ActiveCfg = Release|x64
		{E6CA0816-822C-4FE6-A50E-234D3C328404}.Release|x64.Build.0 = Release|x64
		{E6CA0816-822C-4FE6-A50E-234D3C328404}.Release|x86.ActiveCfg = Release|Win32
		{E6CA0816-822C-4FE6-A50E-234D3C328404}.Release|x86.Build.0 = Release|Win32
		{A3720504-1185-4547-B28B-CF1AFDF1DCD6}.Debug|x64.ActiveCfg = Debug|x64
		{A3720504-1185-4547-B28B-CF1AFDF1DCD6}.Debug|x64.Build.0 = Debug|x64
		{A3720504-1185-4547-B28B-CF1AFDF1DCD6}.Debug|x86.ActiveCfg = Debug|Win32
		{A3720504-1185-4547-B28B-CF1AFDF1DCD6}.Debug|x86.Build.0 = Debug|Win32
		{A3720504-1185-4547-B28B-CF1AFDF1DCD6}.Release|x64.ActiveCfg = Release|x64
		{A3720504-1185-4547-B28B-CF1AFDF1DCD6}.Release|x64.Build.0 = Release|x64
		{A3720504-1185-4547-B28B-CF1AFDF1DCD6}.Release|x86.ActiveCfg = Release|Win32
		{A3720504-1185-4547-B28B-CF1AFDF1DCD6}.Release|x86.Build.0 = Release|Win32
		{E4209353-0BB7-4B12-B629-C84D139DDC1B}.Debug|x64.ActiveCfg = Debug|x64
		{E4209353-0BB7-4B12-B629-C84D139DDC1B}.Debug|x64.Build.0 = Debug|x64
		{E4209353-0BB7-4B12-B629-C84D139DDC1B}.Debug|x86.ActiveCfg = Debug|Win32
		{E4209353-0BB7-4B12-B629-C84D139DDC1B}.Debug|x86.Build.0 = Debug|Win32
		{E4209353-0BB7-4B12-B629-C84D139DDC1B}.Release|x64.ActiveCfg = Release|x64
		{E4209353-0BB7-4B12-B629-C84D139DDC1B}.Release|x64.Build.0 = Release|x64
		{E4209353-0BB7-4B12-B629-C84D139DDC1B}.Release|x86.ActiveCfg = Release|Win32
		{E4209353-0BB7-4B12-B629-C84D139DDC1B}.Release|x86.Build.0 = Release|Win32
		{FF4128DF-6195-4BCC-B4B0-B71812147D74}.Debug|x64.ActiveCfg = Debug|x64
		{FF4128DF-6195-4BCC-B4B0-B71812147D74}.Debug|x64.Build.0 = Debug|x64
		{FF4128DF-6195-4BCC-B4B0-B71812147D74}.Debug|x86.ActiveCfg = Debug|Win32
		{FF4128DF-6195-4BCC-B4B0-B71812147D74}.Debug|x86.Build.0 = Debug|Win32
		{FF4128DF-6195-4BCC-B4B0-B71812147D74}.Release|x64.ActiveCfg = Release|x64
		{FF4128DF-6195-4BCC-B4B0-B71812147D74}.Release|x64.Build.0 = Release|x64
		{FF4128DF-6195-4BCC-B4B0-B71812147D74}.Release|x86.ActiveCfg = Release|Win32
		{FF4128DF-6195-4BCC-B4B0-B71812147D74}.Release|x86.Build.0 = Release|Win32
		{1AAC5F9B-F3FB-433F-B4BA-F47150521B98}.Debug|x64.ActiveCfg = Debug|x64
		{1AAC5F9B-F3FB-433F-B4BA-F47150521B98}.Debug|x64.Build.0 = Debug|x64
		{1AAC5F9B-F3FB-433F-B4BA-F47150521B98}.Debug|x86.ActiveCfg = Debug|Win32
		{1AAC5F9B-F3FB-433F-B4BA-F47150521B98}.Debug|x86.Build.0 = Debug|Win32
		{1AAC5F9B-F3FB-433F-B4BA-F47150521B98}.Release|x64.ActiveCfg = Release|x64
		{1AAC5F9B-F3FB-433F-B4BA-F47150521B98}.Release|x64.Build.0 = Release|x64
		{1AAC5F9B-F3FB-433F-B4BA-F47150521B98}.Release|x86.ActiveCfg = Release|Win32
		{1AAC5F9B-F3FB-433F-B4BA-F47150521B98}.Release|x86.Build.0 = Release|Win32
		{20208FFF-97E9-4A6E-872C-216A3C3E7FBC}.Debug|x64.ActiveCfg = Debug|x64
		{20208FFF-97E9-4A6E-872C-216A3C3E7FBC}.Debug|x64.Build.0 = Debug|x64
		{20208FFF-97E9-4A6E-872C-216A3C3E7FBC}.Debug|x86.ActiveCfg = Debug|Win32
		{20208FFF-97E9-4A6E-872C-216A3C3E7FBC}.Debug|x86.Build.0 = Debug|Win32
		{20208FFF-97E9-4A6E-872C-216A3C3E7FBC}.Release|x64.ActiveCfg = Release|x64
		{20208FFF-97E9-4A6E-872C-216A3C3E7FBC}.Release|x64.Build.0 = Release|x64
		{20208FFF-97E9-4A6E-872C-216A3C3E7FBC}.Release|x86.ActiveCfg = Release|Win32
		{20208FFF-97E9-4A6E-872C-216A3C3E7FBC}.Release|x86.Build.0 = Release|Win32
		{41C80D37-5C0F-4362-B865-64FC2C7381EE}.Debug|x64.ActiveCfg = Debug|x64
		{41C80D37-5C0F-4362-B865-64FC2C7381EE}.Debug|x64.Build.0 = Debug|x64
		{41C80D37-5C0F-4362-B865-64FC2C7381EE}.Debug|x86.ActiveCfg = Debug|Win32
		{41C80D37-5C0F-4362-B865-64FC2C7381EE}.Debug|x86.Build.0 = Debug|Win32
		{41C80D37-5C0F-4362-B865-64FC2C7381EE}.Release|x64.ActiveCfg = Release|x64
		{41C80D37-5C0F-4362-B865-64FC2C7381EE}.Release|x64.Build.0 = Release|x64
		{41C80D37-5C0F-4362-B865-64FC2C7381EE}.Release|x86.ActiveCfg = Release|Win32
		{41C80D37-5C0F-4362-B865-64FC2C7381EE}.Release|x86.Build.0 = Release|Win32
		{0CA05CE9-2259-456C-BDC9-335BDEA9BF87}.Debug|x64.ActiveCfg = Debug|x64
		{0CA05CE9-2259-456C-BDC9-335BDEA9BF87}.Debug|x64.Build.0 = Debug|x64
		{0CA05CE9-2259-456C-BDC9-335BDEA9BF87}.Debug|x86.ActiveCfg = Debug|Win32
		{0CA05CE9-2259-456C-BDC9-335BDEA9BF87}.Debug|x86.Build.0 = Debug|Win32
		{0CA05CE9-2259-456C-BDC9-335BDEA9BF87}.Release|x64.ActiveCfg = Release|x64
		{0CA05CE9-2259-456C-BDC9-335BDEA9BF87}.Release|x64.Build.0 = Release|x64
		{0CA05CE9-2259-456C-BDC9-335BDEA9BF87}.Release|x86.ActiveCfg = Release|Win32
		{0CA05CE9-2259-456C-BDC9-335BDEA9BF87}.Release|x86.Build.0 = Release|Win32
		{500BCFCB-7075-4F38-B0E7-4233B0EFD3D5}.Debug|x64.ActiveCfg = Debug|x64
		{500BCFCB-7075-4F38-B0E7-4233B0EFD3D5}.Debug|x64.Build.0 = Debug|x64
		{500BCFCB-7075-4F38-B0E7-4233B0EFD3D5}.Debug|x86.ActiveCfg = Debug|Win32
		{500BCFCB-7075-4F38-B0E7-4233B0EFD3D5}.Debug|x86.Build.0 = Debug|Win32
		{500BCFCB-7075-4F38-B0E7-4233B0EFD3D5}.Release|x64.ActiveCfg = Release|x64
		{500BCFCB-7075-4F38-B0E7-4233B0EFD3D5}.Release|x64.Build.0 = Release|x64
		{500BCFCB-7075-4F38-B0E7-4233B0EFD3D5}.Release|x86.ActiveCfg = Release|Win32
		{500BCFCB-7075-4F38-B0E7-4233B0EFD3D5}.Release|x86.Build.0 = Release|Win32
		{D80EDC84-B557-43F2-AAF3-D44DF7D9EDC7}.Debug|x64.ActiveCfg = Debug|x64
		{D80EDC84-B557-43F2-AAF3-D44DF7D9EDC7}.Debug|x64.Build.0 = Debug|x64
		{D80EDC84-B557-43F2-AAF3-D44DF7D9EDC7}.Debug|x86.ActiveCfg = Debug|Win32
		{D80EDC84-B557-43F2-AAF3-D44DF7D9EDC7}.Debug|x86.Build.0 = Debug|Win32
		{D80EDC84-B557-43F2-AAF3-D44DF7D9EDC7}.Release|x64.ActiveCfg = Release|x64
		{D80EDC84-B557-43F2-AAF3-D44DF7D9EDC7}.Release|x64.Build.0 = Release|x64
		{D80EDC84-B557-43F2-AAF3-D44DF7D9EDC7}.Release|x86.ActiveCfg = Release|Win32
		{D80EDC84-B557-43F2-AAF3-D44DF7D9EDC7}.Release|x86.Build.0 = Release|Win32
		{C40C4FD9-9445-42F5-8D8A-6B1DAC91F824}.Debug|x64.ActiveCfg = Debug|x64
		{C40C4FD9-9445-42F5-8D8A-6B1DAC91F824}.Debug|x64.Build.0 = Debug|x64
		{C40C4FD9-9445-42F5-8D8A-6B1DAC91F824}.Debug|x86.ActiveCfg = Debug|Win32
		{C40C4FD9-9445-42F5-8D8A-6B1DAC91F824}.Debug|x86.Build.0 = Debug|Win32
		{C40C4FD9-9445-42F5-8D8A-6B1DAC91F824}.Release|x64.ActiveCfg = Release|x64
		{C40C4FD9-9445-42F5-8D8A-6B1DAC91F824}.Release|x64.Build.0 = Release|x64
		{C40C4FD9-9445-42F5-8D8A-6B1DAC91F824}.Release|x86.ActiveCfg = Release|Win32
		{C40C4FD9-9445-42F5-8D8A-6B1DAC91F824}.Release|x86.Build.0 = Release|Win32
		{088CBF26-9909-44BE-A04F-E24142771587}.Debug|x64.ActiveCfg = Debug|x64
		{088CBF26-9909-44BE-A04F-E24142771587}.Debug|x64.Build.0 = Debug|x64
		{088CBF26-9909-44BE-A04F-E24142771587}.Debug|x86.ActiveCfg = Debug|Win32
		{088CBF26-9909-44BE-A04F-E24142771587}.Debug|x86.Build.0 = Debug|Win32
		{088CBF26-9909-44BE-A04F-E24142771587}.Release|x64.ActiveCfg = Release|x64
		{088CBF26-9909-44BE-A04F-E24142771587}.Release|x64.Build.0 = Release|x64
		{088CBF26-9909-44BE-A04F-E24142771587}.Release|x86.ActiveCfg = Release|Win32
		{088CBF26-9909-44BE-A04F-E24142771587}.Release|x86.Build.0 = Release|Win32
		{DED42D08-079F-4ACF-9510-64D5BA3FA9A6}.Debug|x64.ActiveCfg = Debug|x64
		{DED42D08-079F-4ACF-9510-64D5BA3FA9A6}.Debug|x64.Build.0 = Debug|x64
		{DED42D08-079F-4ACF-9510-64D5BA3FA9A6}.Debug|x86.ActiveCfg = Debug|Win32
		{DED42D08-079F-4ACF-9510-64D5BA3FA9A6}.Debug|x86.Build.0 = Debug|Win32
		{DED42D08-079F-4ACF-9510-64D5BA3FA9A6}.Release|x64.ActiveCfg = Release|x64
		{DED42D08-079F-4ACF-9510-64D5BA3FA9A6}.Release|x64.Build.0 = Release|x64
		{DED42D08-079F-4ACF-9510-64D5BA3FA9A6}.Release|x86.ActiveCfg = Release|Win32
		{DED42D08-079F-4ACF-9510-64D5BA3FA9A6}.Release|x86.Build.0 = Release|Win32
		{432BD911-74E3-479D-8230-D92902E0601F}.Debug|x64.ActiveCfg = Debug|x64
		{432BD911-74E3-479D-8230-D92902E0601F}.Debug|x64.Build.0 = Debug|x64
		{432BD911-74E3-479D-8230-D92902E0601F}.Debug|x86.ActiveCfg = Debug|Win32
		{432BD911-74E3-479D-8230-D92902E0601F}.Debug|x86.Build.0 = Debug|Win32
		{432BD911-74E3-479D-8230-D92902E0601F}.Release|x64.ActiveCfg = Release|x64
		{432BD911-74E3-479D-8230-D92902E0601F}.Release|x64.Build.0 = Release|x64
		{432BD911-74E3-479D-8230-D92902E0601F}.Release|x86.ActiveCfg = Release|Win32
		{432BD911-74E3-479D-8230-D92902E0601F}.Release|x86.Build.0 = Release|Win32
		{8B0E340D-D2EE-4068-9BD5-BDBE6759EAA3}.Debug|x64.ActiveCfg = Debug|x64
		{8B0E340D-D2EE-4068-9BD5-BDBE6759EAA3}.Debug|x64.Build.0 = Debug|x64
		{8B0E340D-D2EE-4068-9BD5-BDBE6759EAA3}.Debug|x86.ActiveCfg = Debug|Win32
		{8B0E340D-D2EE-4068-9BD5-BDBE6759EAA3}.Debug|x86.Build.0 = Debug|Win32
		{8B0E340D-D2EE-4068-9BD5-BDBE6759EAA3}.Release|x64.ActiveCfg = Release|x64
		{8B0E340D-D2EE-4068-9BD5-BDBE6759EAA3}.Release|x64.Build.0 = Release|x64
		{8B0E340D-D2EE-4068-9BD5-BDBE6759EAA3}.Release|x86.ActiveCfg = Release|Win32
		{8B0E340D-D2EE-4068-9BD5-BDBE6759EAA3}.Release|x86.Build.0 = Release|Win32
		{A53664F4-8F04-4148-95C8-AD73D62F8DDF}.Debug|x64.ActiveCfg = Debug|x64
		{A53664F4-8F04-4148-95C8-AD73D62F8DDF}.Debug|x64.Build.0 = Debug|x64
		{A53664F4-8F04-4148-95C8-AD73D62F8DDF}.Debug|x86.ActiveCfg = Debug|Win32
		{A53664F4-8F04-4148-95C8-AD73D62F8DDF}.Debug|x86.Build.0 = Debug|Win32
		{A53664F4-8F04-4148-95C8-AD73D62F8DDF}.Release|x64.ActiveCfg = Release|x64
		{A53664F4-8F04-4148-95C8-AD73D62F8DDF}.Release|x64.Build.0 = Release|x64
		{A53664F4-8F04-4148-95C8-AD73D62F8DDF}.Release|x86.ActiveCfg = Release|Win32
		{A53664F4-8F04-4148-95C8-AD73D62F8DDF}.Release|x86.Build.0 = Release|Win32
		{96699DB0-70BD-4393-9CCD-6506D3B5A374}.Debug|x64.ActiveCfg = Debug|x64
		{96699DB0-70BD-4393-9CCD-6506D3B5A374}.Debug|x64.Build.0 = Debug|x64
		{96699DB0-70BD-4393-9CCD-6506D3B5A374}.Debug|x86.ActiveCfg = Debug|Win32
		{96699DB0-70BD-4393-9CCD-6506D3B5A374}.Debug|x86.Build.0 = Debug|Win32
		{96699DB0-70BD-4393-9CCD-6506D3B5A374}.Release|x64.ActiveCfg = Release|x64
		{96699DB0-70BD-4393-9CCD-6506D3B5A374}.Release|x64.Build.0 = Release|x64
		{96699DB0-70BD-4393-9CCD-6506D3B5A374}.Release|x86.ActiveCfg = Release|Win32
		{96699DB0-70BD-4393-9CCD-6506D3B5A374}.Release|x86.Build.0 = Release|Win32
		{E7640A20-7796-4361-AAF5-298E28C33577}.Debug|x64.ActiveCfg = Debug|x64
		{E7640A20-7796-4361-AAF5-298E28C33577}.Debug|x64.Build.0 = Debug|x64
		{E7640A20-7796-4361-AAF5-298E28C33577}.Debug|x86.ActiveCfg = Debug|Win32
		{E7640A20-7796-4361-AAF5-298E28C33577}.Debug|x86.Build.0 = Debug|Win32
		{E7640A20-7796-4361-AAF5-298E28C33577}.Release|x64.ActiveCfg = Release|x64
		{E7640A20-7796-4361-AAF5-298E28C33577}.Release|x64.Build.0 = Release|x64
		{E7640A20-7796-4361-AAF5-298E28C33577}.Release|x86.ActiveCfg = Release|Win32
		{E7640A20-7796-4361-AAF5-298E28C33577}.Release|x86.Build.0 = Release|Win32
		{4AEFD3D9-CC6D-44C2-B587-FFAD5395C35E}.Debug|x64.ActiveCfg = Debug|x64
		{4AEFD3D9-CC6D-44C2-B587-FFAD5395C35E}.Debug|x64.Build.0 = Debug|x64
		{4AEFD3D9-CC6D-44C2-B587-FFAD5395C35E}.Debug|x86.ActiveCfg = Debug|Win32
		{4AEFD3D9-CC6D-44C2-B587-FFAD5395C35E}.Debug|x86.Build.0 = Debug|Win32
		{4AEFD3D9-CC6D-44C2-B587-FFAD5395C35E}.Release|x64.ActiveCfg = Release|x64
		{4AEFD3D9-CC6D-44C2-B587-FFAD5395C35E}.Release|x64.Build.0 = Release|x64
		{4AEFD3D9-CC6D-44C2-B587-FFAD5395C35E}.Release|x86.ActiveCfg = Release|Win32
		{4AEFD3D9-CC6D-44C2-B587-FFAD5395C35E}.Release|x86.Build.0 = Release|Win32
		{A55A6E68-016E-4BDA-9E6F-4BA8E4DB8566}.Debug|x64.ActiveCfg = Debug|x64
		{A55A6E68-016E-4BDA-9E6F-4BA8E4DB8566}.Debug|x64.Build.0 = Debug|x64
		{A55A6E68-016E-4BDA-9E6F-4BA8E4DB8566}.Debug|x86.ActiveCfg = Debug|Win32
		{A55A6E68-016E-4BDA-9E6F-4BA8E4DB8566}.Debug|x86.Build.0 = Debug|Win32
		{A55A6E68-016E-4BDA-9E6F-4BA8E4DB8566}.Release|x64.ActiveCfg = Release|x64
		{A55A6E68-016E-4BDA-9E6F-4BA8E4DB8566}.Release|x64.Build.0 = Release|x64
		{A55A6E68-016E-4BDA-9E6F-4BA8E4DB8566}.Release|x86.ActiveCfg = Release|Win32
		{A55A6E68-016E-4BDA-9E6F-4BA8E4DB8566}.Release|x86.Build.0 = Release|Win32
	EndGlobalSection
	GlobalSection(SolutionProperties) = preSolution
		HideSolutionNode = FALSE
	EndGlobalSection
	GlobalSection(ExtensibilityGlobals) = postSolution
		SolutionGuid = {A77319CF-DAC6-4A9B-BF56-D8590FAD7201}
	EndGlobalSection
EndGlobal
